
Microsoft Visual Studio Solution File, Format Version 12.00
# Visual Studio Version 17
VisualStudioVersion = 17.2.32630.192
MinimumVisualStudioVersion = 10.0.40219.1
Project("{888888A0-9F3D-457C-B088-3A5042F75D52}") = "StartOfPractice", "StartOfPractice\StartOfPractice.pyproj", "{E6EB866F-9EBB-486B-8082-186473E68CDD}"
EndProject
Global
	GlobalSection(SolutionConfigurationPlatforms) = preSolution
		Debug|Any CPU = Debug|Any CPU
		Release|Any CPU = Release|Any CPU
	EndGlobalSection
	GlobalSection(ProjectConfigurationPlatforms) = postSolution
		{E6EB866F-9EBB-486B-8082-186473E68CDD}.Debug|Any CPU.ActiveCfg = Debug|Any CPU
		{E6EB866F-9EBB-486B-8082-186473E68CDD}.Release|Any CPU.ActiveCfg = Release|Any CPU
	EndGlobalSection
	GlobalSection(SolutionProperties) = preSolution
		HideSolutionNode = FALSE
	EndGlobalSection
	GlobalSection(ExtensibilityGlobals) = postSolution
		SolutionGuid = {AE671B44-E280-46AD-B40C-733E64A42C29}
	EndGlobalSection
EndGlobal
